PODS:
  - FlexiCollectionViewLayout (0.2.0)

DEPENDENCIES:
  - FlexiCollectionViewLayout (from `../`)

EXTERNAL SOURCES:
  FlexiCollectionViewLayout:
    :path: "../"

SPEC CHECKSUMS:
  FlexiCollectionViewLayout: 0809b3ee5835382148c180d37ea1b72b95cb6e0b

PODFILE CHECKSUM: 8e53e6d78388ede2938a8cf2435d344974749ef8

COCOAPODS: 1.1.1
