PODS:
  - FlexiCollectionViewLayout (1.0.1)

DEPENDENCIES:
  - FlexiCollectionViewLayout (from `../../`)

EXTERNAL SOURCES:
  FlexiCollectionViewLayout:
    :path: "../../"

SPEC CHECKSUMS:
  FlexiCollectionViewLayout: e4ce05fb8dc7bd9a13d20237b87db50e92ef5b2c

PODFILE CHECKSUM: 1e3b7d7812e07960490a1f0e5e807e835be91671

COCOAPODS: 1.1.1
