PODS:
  - FlexiCollectionViewLayout (1.0.2)

DEPENDENCIES:
  - FlexiCollectionViewLayout (from `../../`)

EXTERNAL SOURCES:
  FlexiCollectionViewLayout:
    :path: "../../"

SPEC CHECKSUMS:
  FlexiCollectionViewLayout: 9124f99bec017170def45324f0afb339bcc4e00a

PODFILE CHECKSUM: 1e3b7d7812e07960490a1f0e5e807e835be91671

COCOAPODS: 1.1.1
